
Microsoft Visual Studio Solution File, Format Version 12.00
# Visual Studio Version 16
VisualStudioVersion = 16.0.32126.315
MinimumVisualStudioVersion = 10.0.40219.1
Project("{FAE04EC0-301F-11D3-BF4B-00C04F79EFBC}") = "UI.MvcSample", "UI.MvcSample\UI.MvcSample.csproj", "{1456FABD-E70B-4FFE-9BAA-0856C054CAE4}"
EndProject
Global
	GlobalSection(SolutionConfigurationPlatforms) = preSolution
		Debug|Any CPU = Debug|Any CPU
		Release|Any CPU = Release|Any CPU
	EndGlobalSection
	GlobalSection(ProjectConfigurationPlatforms) = postSolution
		{1456FABD-E70B-4FFE-9BAA-0856C054CAE4}.Debug|Any CPU.ActiveCfg = Debug|Any CPU
		{1456FABD-E70B-4FFE-9BAA-0856C054CAE4}.Debug|Any CPU.Build.0 = Debug|Any CPU
		{1456FABD-E70B-4FFE-9BAA-0856C054CAE4}.Release|Any CPU.ActiveCfg = Release|Any CPU
		{1456FABD-E70B-4FFE-9BAA-0856C054CAE4}.Release|Any CPU.Build.0 = Release|Any CPU
	EndGlobalSection
	GlobalSection(SolutionProperties) = preSolution
		HideSolutionNode = FALSE
	EndGlobalSection
	GlobalSection(ExtensibilityGlobals) = postSolution
		SolutionGuid = {FD6217D2-96FC-406D-BE00-4E28D306B8ED}
	EndGlobalSection
EndGlobal
